{
  "pins" : [
    {
      "identity" : "generative-ai-swift",
      "kind" : "remoteSourceControl",
      "location" : "https://github.com/google/generative-ai-swift",
      "state" : {
        "revision" : "5cf2aae0f4d04b77fe7b2110da1145462ff92b84",
        "version" : "0.4.6"
      }
    }
  ],
  "version" : 2
}
